
Microsoft Visual Studio Solution File, Format Version 12.00
# Visual Studio Version 17
VisualStudioVersion = 17.2.32616.157
MinimumVisualStudioVersion = 10.0.40219.1
Project("{FAE04EC0-301F-11D3-BF4B-00C04F79EFBC}") = "Calc.Android", "Calc\Calc.Android\Calc.Android.csproj", "{3A8BB879-270D-498D-87F8-2CB4BBF096D9}"
EndProject
Project("{FAE04EC0-301F-11D3-BF4B-00C04F79EFBC}") = "Calc", "Calc\Calc\Calc.csproj", "{3DD01D38-B81E-4F7D-8FE3-947DED28BD62}"
EndProject
Global
	GlobalSection(SolutionConfigurationPlatforms) = preSolution
		Debug|Any CPU = Debug|Any CPU
		Release|Any CPU = Release|Any CPU
	EndGlobalSection
	GlobalSection(ProjectConfigurationPlatforms) = postSolution
		{3A8BB879-270D-498D-87F8-2CB4BBF096D9}.Debug|Any CPU.ActiveCfg = Debug|Any CPU
		{3A8BB879-270D-498D-87F8-2CB4BBF096D9}.Debug|Any CPU.Build.0 = Debug|Any CPU
		{3A8BB879-270D-498D-87F8-2CB4BBF096D9}.Debug|Any CPU.Deploy.0 = Debug|Any CPU
		{3A8BB879-270D-498D-87F8-2CB4BBF096D9}.Release|Any CPU.ActiveCfg = Release|Any CPU
		{3A8BB879-270D-498D-87F8-2CB4BBF096D9}.Release|Any CPU.Build.0 = Release|Any CPU
		{3A8BB879-270D-498D-87F8-2CB4BBF096D9}.Release|Any CPU.Deploy.0 = Release|Any CPU
		{3DD01D38-B81E-4F7D-8FE3-947DED28BD62}.Debug|Any CPU.ActiveCfg = Debug|Any CPU
		{3DD01D38-B81E-4F7D-8FE3-947DED28BD62}.Debug|Any CPU.Build.0 = Debug|Any CPU
		{3DD01D38-B81E-4F7D-8FE3-947DED28BD62}.Debug|Any CPU.Deploy.0 = Debug|Any CPU
		{3DD01D38-B81E-4F7D-8FE3-947DED28BD62}.Release|Any CPU.ActiveCfg = Release|Any CPU
		{3DD01D38-B81E-4F7D-8FE3-947DED28BD62}.Release|Any CPU.Build.0 = Release|Any CPU
		{3DD01D38-B81E-4F7D-8FE3-947DED28BD62}.Release|Any CPU.Deploy.0 = Release|Any CPU
	EndGlobalSection
	GlobalSection(SolutionProperties) = preSolution
		HideSolutionNode = FALSE
	EndGlobalSection
	GlobalSection(ExtensibilityGlobals) = postSolution
		SolutionGuid = {C5DE797B-4579-4D83-99A4-51CED2925B7E}
	EndGlobalSection
EndGlobal
